
Microsoft Visual Studio Solution File, Format Version 12.00
# Visual Studio Version 17
VisualStudioVersion = 17.4.33205.214
MinimumVisualStudioVersion = 10.0.40219.1
Project("{FAE04EC0-301F-11D3-BF4B-00C04F79EFBC}") = "console dersi 8", "console dersi 8\console dersi 8.csproj", "{1358B27D-B143-4675-90F8-D94246A9EF30}"
EndProject
Global
	GlobalSection(SolutionConfigurationPlatforms) = preSolution
		Debug|Any CPU = Debug|Any CPU
		Release|Any CPU = Release|Any CPU
	EndGlobalSection
	GlobalSection(ProjectConfigurationPlatforms) = postSolution
		{1358B27D-B143-4675-90F8-D94246A9EF30}.Debug|Any CPU.ActiveCfg = Debug|Any CPU
		{1358B27D-B143-4675-90F8-D94246A9EF30}.Debug|Any CPU.Build.0 = Debug|Any CPU
		{1358B27D-B143-4675-90F8-D94246A9EF30}.Release|Any CPU.ActiveCfg = Release|Any CPU
		{1358B27D-B143-4675-90F8-D94246A9EF30}.Release|Any CPU.Build.0 = Release|Any CPU
	EndGlobalSection
	GlobalSection(SolutionProperties) = preSolution
		HideSolutionNode = FALSE
	EndGlobalSection
	GlobalSection(ExtensibilityGlobals) = postSolution
		SolutionGuid = {F54EDC92-857F-48ED-901C-023CE9671277}
	EndGlobalSection
EndGlobal
